// !$*UTF8*$!
{
	archiveVersion = 1;
	classes = {
	};
	objectVersion = 46;
	objects = {

/* Begin PBXBuildFile section */
		4024227A1DED8E4A00B453B4 /* content.txt in Resources */ = {isa = PBXBuildFile; fileRef = 402422791DED8E4A00B453B4 /* content.txt */; };
		404F3B081E0D216400D5F62E /* zombie1.jpg in Resources */ = {isa = PBXBuildFile; fileRef = 404F3AFD1E0D216400D5F62E /* zombie1.jpg */; };
		404F3B091E0D216400D5F62E /* zombie2.jpg in Resources */ = {isa = PBXBuildFile; fileRef = 404F3AFE1E0D216400D5F62E /* zombie2.jpg */; };
		404F3B0A1E0D216400D5F62E /* zombie3.jpg in Resources */ = {isa = PBXBuildFile; fileRef = 404F3AFF1E0D216400D5F62E /* zombie3.jpg */; };
		404F3B0B1E0D216400D5F62E /* zombies.txt in Resources */ = {isa = PBXBuildFile; fileRef = 404F3B001E0D216400D5F62E /* zombies.txt */; };
		404F3B0C1E0D216400D5F62E /* CTColumnView.m in Sources */ = {isa = PBXBuildFile; fileRef = 404F3B021E0D216400D5F62E /* CTColumnView.m */; };
		404F3B0D1E0D216400D5F62E /* test.txt in Resources */ = {isa = PBXBuildFile; fileRef = 404F3B031E0D216400D5F62E /* test.txt */; };
		404F3B0E1E0D216400D5F62E /* MarkupParser.m in Sources */ = {isa = PBXBuildFile; fileRef = 404F3B051E0D216400D5F62E /* MarkupParser.m */; };
		404F3B0F1E0D216400D5F62E /* CTView.m in Sources */ = {isa = PBXBuildFile; fileRef = 404F3B071E0D216400D5F62E /* CTView.m */; };
		404F3B111E0D21F000D5F62E /* CTViewController.swift in Sources */ = {isa = PBXBuildFile; fileRef = 404F3B101E0D21F000D5F62E /* CTViewController.swift */; };
		40BB25BE1DED7EED00908501 /* AppDelegate.swift in Sources */ = {isa = PBXBuildFile; fileRef = 40BB25BD1DED7EED00908501 /* AppDelegate.swift */; };
		40BB25C01DED7EED00908501 /* ViewController.swift in Sources */ = {isa = PBXBuildFile; fileRef = 40BB25BF1DED7EED00908501 /* ViewController.swift */; };
		40BB25C31DED7EED00908501 /* Main.storyboard in Resources */ = {isa = PBXBuildFile; fileRef = 40BB25C11DED7EED00908501 /* Main.storyboard */; };
		40BB25C51DED7EED00908501 /* Assets.xcassets in Resources */ = {isa = PBXBuildFile; fileRef = 40BB25C41DED7EED00908501 /* Assets.xcassets */; };
		40BB25C81DED7EED00908501 /* LaunchScreen.storyboard in Resources */ = {isa = PBXBuildFile; fileRef = 40BB25C61DED7EED00908501 /* LaunchScreen.storyboard */; };
		40BB25D11DED7FF600908501 /* CoreText.framework in Frameworks */ = {isa = PBXBuildFile; fileRef = 40BB25D01DED7FF600908501 /* CoreText.framework */; };
/* End PBXBuildFile section */

/* Begin PBXFileReference section */
		402422791DED8E4A00B453B4 /* content.txt */ = {isa = PBXFileReference; fileEncoding = 4; lastKnownFileType = text; path = content.txt; sourceTree = "<group>"; };
		404F3AFC1E0D216300D5F62E /* CoreTextSwift-Bridging-Header.h */ = {isa = PBXFileReference; lastKnownFileType = sourcecode.c.h; path = "CoreTextSwift-Bridging-Header.h"; sourceTree = "<group>"; };
		404F3AFD1E0D216400D5F62E /* zombie1.jpg */ = {isa = PBXFileReference; lastKnownFileType = image.jpeg; path = zombie1.jpg; sourceTree = "<group>"; };
		404F3AFE1E0D216400D5F62E /* zombie2.jpg */ = {isa = PBXFileReference; lastKnownFileType = image.jpeg; path = zombie2.jpg; sourceTree = "<group>"; };
		404F3AFF1E0D216400D5F62E /* zombie3.jpg */ = {isa = PBXFileReference; lastKnownFileType = image.jpeg; path = zombie3.jpg; sourceTree = "<group>"; };
		404F3B001E0D216400D5F62E /* zombies.txt */ = {isa = PBXFileReference; fileEncoding = 4; lastKnownFileType = text; path = zombies.txt; sourceTree = "<group>"; };
		404F3B011E0D216400D5F62E /* CTColumnView.h */ = {isa = PBXFileReference; fileEncoding = 4; lastKnownFileType = sourcecode.c.h; path = CTColumnView.h; sourceTree = "<group>"; };
		404F3B021E0D216400D5F62E /* CTColumnView.m */ = {isa = PBXFileReference; fileEncoding = 4; lastKnownFileType = sourcecode.c.objc; path = CTColumnView.m; sourceTree = "<group>"; };
		404F3B031E0D216400D5F62E /* test.txt */ = {isa = PBXFileReference; fileEncoding = 4; lastKnownFileType = text; path = test.txt; sourceTree = "<group>"; };
		404F3B041E0D216400D5F62E /* MarkupParser.h */ = {isa = PBXFileReference; fileEncoding = 4; lastKnownFileType = sourcecode.c.h; path = MarkupParser.h; sourceTree = "<group>"; };
		404F3B051E0D216400D5F62E /* MarkupParser.m */ = {isa = PBXFileReference; fileEncoding = 4; lastKnownFileType = sourcecode.c.objc; path = MarkupParser.m; sourceTree = "<group>"; };
		404F3B061E0D216400D5F62E /* CTView.h */ = {isa = PBXFileReference; fileEncoding = 4; lastKnownFileType = sourcecode.c.h; path = CTView.h; sourceTree = "<group>"; };
		404F3B071E0D216400D5F62E /* CTView.m */ = {isa = PBXFileReference; fileEncoding = 4; lastKnownFileType = sourcecode.c.objc; path = CTView.m; sourceTree = "<group>"; };
		404F3B101E0D21F000D5F62E /* CTViewController.swift */ = {isa = PBXFileReference; fileEncoding = 4; lastKnownFileType = sourcecode.swift; path = CTViewController.swift; sourceTree = "<group>"; };
		40BB25BA1DED7EED00908501 /* CoreTextSwift.app */ = {isa = PBXFileReference; explicitFileType = wrapper.application; includeInIndex = 0; path = CoreTextSwift.app; sourceTree = BUILT_PRODUCTS_DIR; };
		40BB25BD1DED7EED00908501 /* AppDelegate.swift */ = {isa = PBXFileReference; lastKnownFileType = sourcecode.swift; path = AppDelegate.swift; sourceTree = "<group>"; };
		40BB25BF1DED7EED00908501 /* ViewController.swift */ = {isa = PBXFileReference; lastKnownFileType = sourcecode.swift; path = ViewController.swift; sourceTree = "<group>"; };
		40BB25C21DED7EED00908501 /* Base */ = {isa = PBXFileReference; lastKnownFileType = file.storyboard; name = Base; path = Base.lproj/Main.storyboard; sourceTree = "<group>"; };
		40BB25C41DED7EED00908501 /* Assets.xcassets */ = {isa = PBXFileReference; lastKnownFileType = folder.assetcatalog; path = Assets.xcassets; sourceTree = "<group>"; };
		40BB25C71DED7EED00908501 /* Base */ = {isa = PBXFileReference; lastKnownFileType = file.storyboard; name = Base; path = Base.lproj/LaunchScreen.storyboard; sourceTree = "<group>"; };
		40BB25C91DED7EED00908501 /* Info.plist */ = {isa = PBXFileReference; lastKnownFileType = text.plist.xml; path = Info.plist; sourceTree = "<group>"; };
		40BB25D01DED7FF600908501 /* CoreText.framework */ = {isa = PBXFileReference; lastKnownFileType = wrapper.framework; name = CoreText.framework; path = System/Library/Frameworks/CoreText.framework; sourceTree = SDKROOT; };
/* End PBXFileReference section */

/* Begin PBXFrameworksBuildPhase section */
		40BB25B71DED7EED00908501 /* Frameworks */ = {
			isa = PBXFrameworksBuildPhase;
			buildActionMask = 2147483647;
			files = (
				40BB25D11DED7FF600908501 /* CoreText.framework in Frameworks */,
			);
			runOnlyForDeploymentPostprocessing = 0;
		};
/* End PBXFrameworksBuildPhase section */

/* Begin PBXGroup section */
		40BB25B11DED7EED00908501 = {
			isa = PBXGroup;
			children = (
				40BB25BC1DED7EED00908501 /* CoreTextSwift */,
				40BB25BB1DED7EED00908501 /* Products */,
				40BB25CF1DED7FF600908501 /* Frameworks */,
			);
			sourceTree = "<group>";
		};
		40BB25BB1DED7EED00908501 /* Products */ = {
			isa = PBXGroup;
			children = (
				40BB25BA1DED7EED00908501 /* CoreTextSwift.app */,
			);
			name = Products;
			sourceTree = "<group>";
		};
		40BB25BC1DED7EED00908501 /* CoreTextSwift */ = {
			isa = PBXGroup;
			children = (
				40BB25BD1DED7EED00908501 /* AppDelegate.swift */,
				40BB25BF1DED7EED00908501 /* ViewController.swift */,
				404F3B101E0D21F000D5F62E /* CTViewController.swift */,
				40BB25C11DED7EED00908501 /* Main.storyboard */,
				40BB25C41DED7EED00908501 /* Assets.xcassets */,
				40BB25C61DED7EED00908501 /* LaunchScreen.storyboard */,
				402422791DED8E4A00B453B4 /* content.txt */,
				40BB25C91DED7EED00908501 /* Info.plist */,
				404F3AFD1E0D216400D5F62E /* zombie1.jpg */,
				404F3AFE1E0D216400D5F62E /* zombie2.jpg */,
				404F3AFF1E0D216400D5F62E /* zombie3.jpg */,
				404F3B001E0D216400D5F62E /* zombies.txt */,
				404F3B011E0D216400D5F62E /* CTColumnView.h */,
				404F3B021E0D216400D5F62E /* CTColumnView.m */,
				404F3B031E0D216400D5F62E /* test.txt */,
				404F3B041E0D216400D5F62E /* MarkupParser.h */,
				404F3B051E0D216400D5F62E /* MarkupParser.m */,
				404F3B061E0D216400D5F62E /* CTView.h */,
				404F3B071E0D216400D5F62E /* CTView.m */,
				404F3AFC1E0D216300D5F62E /* CoreTextSwift-Bridging-Header.h */,
			);
			path = CoreTextSwift;
			sourceTree = "<group>";
		};
		40BB25CF1DED7FF600908501 /* Frameworks */ = {
			isa = PBXGroup;
			children = (
				40BB25D01DED7FF600908501 /* CoreText.framework */,
			);
			name = Frameworks;
			sourceTree = "<group>";
		};
/* End PBXGroup section */

/* Begin PBXNativeTarget section */
		40BB25B91DED7EED00908501 /* CoreTextSwift */ = {
			isa = PBXNativeTarget;
			buildConfigurationList = 40BB25CC1DED7EED00908501 /* Build configuration list for PBXNativeTarget "CoreTextSwift" */;
			buildPhases = (
				40BB25B61DED7EED00908501 /* Sources */,
				40BB25B71DED7EED00908501 /* Frameworks */,
				40BB25B81DED7EED00908501 /* Resources */,
			);
			buildRules = (
			);
			dependencies = (
			);
			name = CoreTextSwift;
			productName = CoreTextSwift;
			productReference = 40BB25BA1DED7EED00908501 /* CoreTextSwift.app */;
			productType = "com.apple.product-type.application";
		};
/* End PBXNativeTarget section */

/* Begin PBXProject section */
		40BB25B21DED7EED00908501 /* Project object */ = {
			isa = PBXProject;
			attributes = {
				LastSwiftUpdateCheck = 0810;
				LastUpgradeCheck = 0810;
				ORGANIZATIONNAME = "Vishwak Sol pvt. ltd.";
				TargetAttributes = {
					40BB25B91DED7EED00908501 = {
						CreatedOnToolsVersion = 8.1;
						DevelopmentTeam = ZHJBW7D8CE;
						LastSwiftMigration = 0810;
						ProvisioningStyle = Manual;
					};
				};
			};
			buildConfigurationList = 40BB25B51DED7EED00908501 /* Build configuration list for PBXProject "CoreTextSwift" */;
			compatibilityVersion = "Xcode 3.2";
			developmentRegion = English;
			hasScannedForEncodings = 0;
			knownRegions = (
				en,
				Base,
			);
			mainGroup = 40BB25B11DED7EED00908501;
			productRefGroup = 40BB25BB1DED7EED00908501 /* Products */;
			projectDirPath = "";
			projectRoot = "";
			targets = (
				40BB25B91DED7EED00908501 /* CoreTextSwift */,
			);
		};
/* End PBXProject section */

/* Begin PBXResourcesBuildPhase section */
		40BB25B81DED7EED00908501 /* Resources */ = {
			isa = PBXResourcesBuildPhase;
			buildActionMask = 2147483647;
			files = (
				4024227A1DED8E4A00B453B4 /* content.txt in Resources */,
				40BB25C81DED7EED00908501 /* LaunchScreen.storyboard in Resources */,
				404F3B0B1E0D216400D5F62E /* zombies.txt in Resources */,
				40BB25C51DED7EED00908501 /* Assets.xcassets in Resources */,
				40BB25C31DED7EED00908501 /* Main.storyboard in Resources */,
				404F3B091E0D216400D5F62E /* zombie2.jpg in Resources */,
				404F3B081E0D216400D5F62E /* zombie1.jpg in Resources */,
				404F3B0D1E0D216400D5F62E /* test.txt in Resources */,
				404F3B0A1E0D216400D5F62E /* zombie3.jpg in Resources */,
			);
			runOnlyForDeploymentPostprocessing = 0;
		};
/* End PBXResourcesBuildPhase section */

/* Begin PBXSourcesBuildPhase section */
		40BB25B61DED7EED00908501 /* Sources */ = {
			isa = PBXSourcesBuildPhase;
			buildActionMask = 2147483647;
			files = (
				40BB25C01DED7EED00908501 /* ViewController.swift in Sources */,
				40BB25BE1DED7EED00908501 /* AppDelegate.swift in Sources */,
				404F3B0E1E0D216400D5F62E /* MarkupParser.m in Sources */,
				404F3B111E0D21F000D5F62E /* CTViewController.swift in Sources */,
				404F3B0C1E0D216400D5F62E /* CTColumnView.m in Sources */,
				404F3B0F1E0D216400D5F62E /* CTView.m in Sources */,
			);
			runOnlyForDeploymentPostprocessing = 0;
		};
/* End PBXSourcesBuildPhase section */

/* Begin PBXVariantGroup section */
		40BB25C11DED7EED00908501 /* Main.storyboard */ = {
			isa = PBXVariantGroup;
			children = (
				40BB25C21DED7EED00908501 /* Base */,
			);
			name = Main.storyboard;
			sourceTree = "<group>";
		};
		40BB25C61DED7EED00908501 /* LaunchScreen.storyboard */ = {
			isa = PBXVariantGroup;
			children = (
				40BB25C71DED7EED00908501 /* Base */,
			);
			name = LaunchScreen.storyboard;
			sourceTree = "<group>";
		};
/* End PBXVariantGroup section */

/* Begin XCBuildConfiguration section */
		40BB25CA1DED7EED00908501 /* Debug */ = {
			isa = XCBuildConfiguration;
			buildSettings = {
				ALWAYS_SEARCH_USER_PATHS = NO;
				CLANG_ANALYZER_NONNULL = YES;
				CLANG_CXX_LANGUAGE_STANDARD = "gnu++0x";
				CLANG_CXX_LIBRARY = "libc++";
				CLANG_ENABLE_MODULES = YES;
				CLANG_ENABLE_OBJC_ARC = YES;
				CLANG_WARN_BOOL_CONVERSION = YES;
				CLANG_WARN_CONSTANT_CONVERSION = YES;
				CLANG_WARN_DIRECT_OBJC_ISA_USAGE = YES_ERROR;
				CLANG_WARN_DOCUMENTATION_COMMENTS = YES;
				CLANG_WARN_EMPTY_BODY = YES;
				CLANG_WARN_ENUM_CONVERSION = YES;
				CLANG_WARN_INFINITE_RECURSION = YES;
				CLANG_WARN_INT_CONVERSION = YES;
				CLANG_WARN_OBJC_ROOT_CLASS = YES_ERROR;
				CLANG_WARN_SUSPICIOUS_MOVES = YES;
				CLANG_WARN_UNREACHABLE_CODE = YES;
				CLANG_WARN__DUPLICATE_METHOD_MATCH = YES;
				CODE_SIGN_IDENTITY = "iPhone Developer: Rajeev Nambiar (765P7D5QQQ)";
				"CODE_SIGN_IDENTITY[sdk=iphoneos*]" = "iPhone Developer: Rajeev Nambiar (765P7D5QQQ)";
				COPY_PHASE_STRIP = NO;
				DEBUG_INFORMATION_FORMAT = dwarf;
				ENABLE_STRICT_OBJC_MSGSEND = YES;
				ENABLE_TESTABILITY = YES;
				GCC_C_LANGUAGE_STANDARD = gnu99;
				GCC_DYNAMIC_NO_PIC = NO;
				GCC_NO_COMMON_BLOCKS = YES;
				GCC_OPTIMIZATION_LEVEL = 0;
				GCC_PREPROCESSOR_DEFINITIONS = (
					"DEBUG=1",
					"$(inherited)",
				);
				GCC_WARN_64_TO_32_BIT_CONVERSION = YES;
				GCC_WARN_ABOUT_RETURN_TYPE = YES_ERROR;
				GCC_WARN_UNDECLARED_SELECTOR = YES;
				GCC_WARN_UNINITIALIZED_AUTOS = YES_AGGRESSIVE;
				GCC_WARN_UNUSED_FUNCTION = YES;
				GCC_WARN_UNUSED_VARIABLE = YES;
				IPHONEOS_DEPLOYMENT_TARGET = 10.1;
				MTL_ENABLE_DEBUG_INFO = YES;
				ONLY_ACTIVE_ARCH = YES;
				PROVISIONING_PROFILE = "6f565bb7-9030-445f-b083-f0aeb0c2ee30";
				SDKROOT = iphoneos;
				SWIFT_ACTIVE_COMPILATION_CONDITIONS = DEBUG;
				SWIFT_OPTIMIZATION_LEVEL = "-Onone";
				TARGETED_DEVICE_FAMILY = "1,2";
			};
			name = Debug;
		};
		40BB25CB1DED7EED00908501 /* Release */ = {
			isa = XCBuildConfiguration;
			buildSettings = {
				ALWAYS_SEARCH_USER_PATHS = NO;
				CLANG_ANALYZER_NONNULL = YES;
				CLANG_CXX_LANGUAGE_STANDARD = "gnu++0x";
				CLANG_CXX_LIBRARY = "libc++";
				CLANG_ENABLE_MODULES = YES;
				CLANG_ENABLE_OBJC_ARC = YES;
				CLANG_WARN_BOOL_CONVERSION = YES;
				CLANG_WARN_CONSTANT_CONVERSION = YES;
				CLANG_WARN_DIRECT_OBJC_ISA_USAGE = YES_ERROR;
				CLANG_WARN_DOCUMENTATION_COMMENTS = YES;
				CLANG_WARN_EMPTY_BODY = YES;
				CLANG_WARN_ENUM_CONVERSION = YES;
				CLANG_WARN_INFINITE_RECURSION = YES;
				CLANG_WARN_INT_CONVERSION = YES;
				CLANG_WARN_OBJC_ROOT_CLASS = YES_ERROR;
				CLANG_WARN_SUSPICIOUS_MOVES = YES;
				CLANG_WARN_UNREACHABLE_CODE = YES;
				CLANG_WARN__DUPLICATE_METHOD_MATCH = YES;
				CODE_SIGN_IDENTITY = "iPhone Developer: Rajeev Nambiar (765P7D5QQQ)";
				"CODE_SIGN_IDENTITY[sdk=iphoneos*]" = "iPhone Developer: Rajeev Nambiar (765P7D5QQQ)";
				COPY_PHASE_STRIP = NO;
				DEBUG_INFORMATION_FORMAT = "dwarf-with-dsym";
				ENABLE_NS_ASSERTIONS = NO;
				ENABLE_STRICT_OBJC_MSGSEND = YES;
				GCC_C_LANGUAGE_STANDARD = gnu99;
				GCC_NO_COMMON_BLOCKS = YES;
				GCC_WARN_64_TO_32_BIT_CONVERSION = YES;
				GCC_WARN_ABOUT_RETURN_TYPE = YES_ERROR;
				GCC_WARN_UNDECLARED_SELECTOR = YES;
				GCC_WARN_UNINITIALIZED_AUTOS = YES_AGGRESSIVE;
				GCC_WARN_UNUSED_FUNCTION = YES;
				GCC_WARN_UNUSED_VARIABLE = YES;
				IPHONEOS_DEPLOYMENT_TARGET = 10.1;
				MTL_ENABLE_DEBUG_INFO = NO;
				PROVISIONING_PROFILE = "6f565bb7-9030-445f-b083-f0aeb0c2ee30";
				SDKROOT = iphoneos;
				SWIFT_OPTIMIZATION_LEVEL = "-Owholemodule";
				TARGETED_DEVICE_FAMILY = "1,2";
				VALIDATE_PRODUCT = YES;
			};
			name = Release;
		};
		40BB25CD1DED7EED00908501 /* Debug */ = {
			isa = XCBuildConfiguration;
			buildSettings = {
				ASSETCATALOG_COMPILER_APPICON_NAME = AppIcon;
				CLANG_ENABLE_MODULES = YES;
				CODE_SIGN_IDENTITY = "iPhone Developer: Rajeev Nambiar (765P7D5QQQ)";
				"CODE_SIGN_IDENTITY[sdk=iphoneos*]" = "iPhone Developer: Rajeev Nambiar (765P7D5QQQ)";
				DEVELOPMENT_TEAM = ZHJBW7D8CE;
				INFOPLIST_FILE = CoreTextSwift/Info.plist;
				LD_RUNPATH_SEARCH_PATHS = "$(inherited) @executable_path/Frameworks";
				PRODUCT_BUNDLE_IDENTIFIER = com.mmnewsRevamp.development;
				PRODUCT_NAME = "$(TARGET_NAME)";
				PROVISIONING_PROFILE = "6f565bb7-9030-445f-b083-f0aeb0c2ee30";
				PROVISIONING_PROFILE_SPECIFIER = MMNews_Revamp_Development;
				SWIFT_OBJC_BRIDGING_HEADER = "CoreTextSwift/CoreTextSwift-Bridging-Header.h";
				SWIFT_OPTIMIZATION_LEVEL = "-Onone";
				SWIFT_VERSION = 3.0;
			};
			name = Debug;
		};
		40BB25CE1DED7EED00908501 /* Release */ = {
			isa = XCBuildConfiguration;
			buildSettings = {
				ASSETCATALOG_COMPILER_APPICON_NAME = AppIcon;
				CLANG_ENABLE_MODULES = YES;
				CODE_SIGN_IDENTITY = "iPhone Developer: Rajeev Nambiar (765P7D5QQQ)";
				"CODE_SIGN_IDENTITY[sdk=iphoneos*]" = "iPhone Developer: Rajeev Nambiar (765P7D5QQQ)";
				DEVELOPMENT_TEAM = ZHJBW7D8CE;
				INFOPLIST_FILE = CoreTextSwift/Info.plist;
				LD_RUNPATH_SEARCH_PATHS = "$(inherited) @executable_path/Frameworks";
				PRODUCT_BUNDLE_IDENTIFIER = com.mmnewsRevamp.development;
				PRODUCT_NAME = "$(TARGET_NAME)";
				PROVISIONING_PROFILE = "6f565bb7-9030-445f-b083-f0aeb0c2ee30";
				PROVISIONING_PROFILE_SPECIFIER = MMNews_Revamp_Development;
				SWIFT_OBJC_BRIDGING_HEADER = "CoreTextSwift/CoreTextSwift-Bridging-Header.h";
				SWIFT_VERSION = 3.0;
			};
			name = Release;
		};
/* End XCBuildConfiguration section */

/* Begin XCConfigurationList section */
		40BB25B51DED7EED00908501 /* Build configuration list for PBXProject "CoreTextSwift" */ = {
			isa = XCConfigurationList;
			buildConfigurations = (
				40BB25CA1DED7EED00908501 /* Debug */,
				40BB25CB1DED7EED00908501 /* Release */,
			);
			defaultConfigurationIsVisible = 0;
			defaultConfigurationName = Release;
		};
		40BB25CC1DED7EED00908501 /* Build configuration list for PBXNativeTarget "CoreTextSwift" */ = {
			isa = XCConfigurationList;
			buildConfigurations = (
				40BB25CD1DED7EED00908501 /* Debug */,
				40BB25CE1DED7EED00908501 /* Release */,
			);
			defaultConfigurationIsVisible = 0;
			defaultConfigurationName = Release;
		};
/* End XCConfigurationList section */
	};
	rootObject = 40BB25B21DED7EED00908501 /* Project object */;
}
